
Microsoft Visual Studio Solution File, Format Version 12.00
# Visual Studio Version 17
VisualStudioVersion = 17.12.35527.113 d17.12
MinimumVisualStudioVersion = 10.0.40219.1
Project("{FAE04EC0-301F-11D3-BF4B-00C04F79EFBC}") = "WPFWebView2", "WPFWebView2\WPFWebView2.csproj", "{72FFA784-2EAE-4ABE-928B-1069E83E707D}"
EndProject
Global
	GlobalSection(SolutionConfigurationPlatforms) = preSolution
		Debug|Any CPU = Debug|Any CPU
		Release|Any CPU = Release|Any CPU
	EndGlobalSection
	GlobalSection(ProjectConfigurationPlatforms) = postSolution
		{72FFA784-2EAE-4ABE-928B-1069E83E707D}.Debug|Any CPU.ActiveCfg = Debug|Any CPU
		{72FFA784-2EAE-4ABE-928B-1069E83E707D}.Debug|Any CPU.Build.0 = Debug|Any CPU
		{72FFA784-2EAE-4ABE-928B-1069E83E707D}.Release|Any CPU.ActiveCfg = Release|Any CPU
		{72FFA784-2EAE-4ABE-928B-1069E83E707D}.Release|Any CPU.Build.0 = Release|Any CPU
	EndGlobalSection
	GlobalSection(SolutionProperties) = preSolution
		HideSolutionNode = FALSE
	EndGlobalSection
EndGlobal
